{
  "name": "tables",
  "lockfileVersion": 3,
  "requires": true,
  "packages": {
    "": {
      "dependencies": {
        "image-size": "^2.0.4"
      }
    },
    "node_modules/image-size": {
      "version": "2.0.4",
      "resolved": "https://registry.npmjs.org/image-size/-/image-size-2.0.4.tgz",
      "integrity": "sha512-QRUkFFsRV/6fuESxb9Vkq+a0LkSrgKXuc2NEqfikiXxxN/G3tjWt5EVUlMaImRBZRZK/jRBEbYvpPYZL8t08Zw==",
      "license": "MIT",
      "bin": {
        "image-size": "bin/image-size.js"
      },
      "engines": {
        "node": ">=18"
      }
    }
  }
}
